
Microsoft Visual Studio Solution File, Format Version 12.00
# Visual Studio Version 16
VisualStudioVersion = 16.0.29411.108
MinimumVisualStudioVersion = 10.0.40219.1
Project("{9A19103F-16F7-4668-BE54-9A1E7A4F7556}") = "SWAPI", "SWAPI\SWAPI.csproj", "{4809FF01-8357-46CF-9534-E860DF167563}"
EndProject
Project("{FAE04EC0-301F-11D3-BF4B-00C04F79EFBC}") = "SWAPI.Tests", "SWAPI.Tests\SWAPI.Tests.csproj", "{2A1B1FF1-30BB-4D57-8D27-88B0638611B0}"
EndProject
Global
	GlobalSection(SolutionConfigurationPlatforms) = preSolution
		Debug|Any CPU = Debug|Any CPU
		Release|Any CPU = Release|Any CPU
	EndGlobalSection
	GlobalSection(ProjectConfigurationPlatforms) = postSolution
		{4809FF01-8357-46CF-9534-E860DF167563}.Debug|Any CPU.ActiveCfg = Debug|Any CPU
		{4809FF01-8357-46CF-9534-E860DF167563}.Debug|Any CPU.Build.0 = Debug|Any CPU
		{4809FF01-8357-46CF-9534-E860DF167563}.Release|Any CPU.ActiveCfg = Release|Any CPU
		{4809FF01-8357-46CF-9534-E860DF167563}.Release|Any CPU.Build.0 = Release|Any CPU
		{2A1B1FF1-30BB-4D57-8D27-88B0638611B0}.Debug|Any CPU.ActiveCfg = Debug|Any CPU
		{2A1B1FF1-30BB-4D57-8D27-88B0638611B0}.Debug|Any CPU.Build.0 = Debug|Any CPU
		{2A1B1FF1-30BB-4D57-8D27-88B0638611B0}.Release|Any CPU.ActiveCfg = Release|Any CPU
		{2A1B1FF1-30BB-4D57-8D27-88B0638611B0}.Release|Any CPU.Build.0 = Release|Any CPU
	EndGlobalSection
	GlobalSection(SolutionProperties) = preSolution
		HideSolutionNode = FALSE
	EndGlobalSection
	GlobalSection(ExtensibilityGlobals) = postSolution
		SolutionGuid = {BF1E868D-9B42-4D50-A139-6AB30D607CF6}
	EndGlobalSection
EndGlobal
